// !$*UTF8*$!
{
	archiveVersion = 1;
	classes = {
	};
	objectVersion = 46;
	objects = {

/* Begin PBXBuildFile section */
		AD04E4291EDCD5BF0087BD07 /* SlimActivityObject.m in Sources */ = {isa = PBXBuildFile; fileRef = AD04E4281EDCD5BF0087BD07 /* SlimActivityObject.m */; };
		AD04E4301EDE21070087BD07 /* Contacts.framework in Frameworks */ = {isa = PBXBuildFile; fileRef = AD04E42F1EDE21070087BD07 /* Contacts.framework */; };
		AD19939B1EFF29DC0057123E /* AppIcon.appiconset in Resources */ = {isa = PBXBuildFile; fileRef = AD19939A1EFF29DC0057123E /* AppIcon.appiconset */; };
		AD19939D1EFF2AD60057123E /* MessageUI.framework in Frameworks */ = {isa = PBXBuildFile; fileRef = AD19939C1EFF2AD60057123E /* MessageUI.framework */; };
		AD19939F1EFF2BE30057123E /* Messages.framework in Frameworks */ = {isa = PBXBuildFile; fileRef = AD19939E1EFF2BE30057123E /* Messages.framework */; };
		AD1993A21EFF39910057123E /* confirmSendView.m in Sources */ = {isa = PBXBuildFile; fileRef = AD1993A11EFF39910057123E /* confirmSendView.m */; };
		AD1993A61EFF3BE60057123E /* confirmSendCell.m in Sources */ = {isa = PBXBuildFile; fileRef = AD1993A41EFF3BE60057123E /* confirmSendCell.m */; };
		AD1993A71EFF3BE60057123E /* confirmSendCell.xib in Resources */ = {isa = PBXBuildFile; fileRef = AD1993A51EFF3BE60057123E /* confirmSendCell.xib */; };
		AD2F1EC21EFCA1900005A1B8 /* gear.png in Resources */ = {isa = PBXBuildFile; fileRef = AD2F1EC11EFCA1900005A1B8 /* gear.png */; };
		AD2F1EC51EFCA35A0005A1B8 /* settingsView.m in Sources */ = {isa = PBXBuildFile; fileRef = AD2F1EC41EFCA35A0005A1B8 /* settingsView.m */; };
		AD2F1EC81EFCB04F0005A1B8 /* menu.png in Resources */ = {isa = PBXBuildFile; fileRef = AD2F1EC61EFCB04F0005A1B8 /* menu.png */; };
		AD2F1EC91EFCB04F0005A1B8 /* circleMenu.png in Resources */ = {isa = PBXBuildFile; fileRef = AD2F1EC71EFCB04F0005A1B8 /* circleMenu.png */; };
		AD2F1ECB1EFCB1380005A1B8 /* invite.png in Resources */ = {isa = PBXBuildFile; fileRef = AD2F1ECA1EFCB1380005A1B8 /* invite.png */; };
		AD2F1ECE1EFCB32A0005A1B8 /* pushSegue.m in Sources */ = {isa = PBXBuildFile; fileRef = AD2F1ECD1EFCB32A0005A1B8 /* pushSegue.m */; };
		AD2F1ED01EFED0760005A1B8 /* StoreKit.framework in Frameworks */ = {isa = PBXBuildFile; fileRef = AD2F1ECF1EFED0760005A1B8 /* StoreKit.framework */; };
		AD2F1ED41EFEDC970005A1B8 /* guestCell.m in Sources */ = {isa = PBXBuildFile; fileRef = AD2F1ED21EFEDC970005A1B8 /* guestCell.m */; };
		AD2F1ED51EFEDC970005A1B8 /* guestCell.xib in Resources */ = {isa = PBXBuildFile; fileRef = AD2F1ED31EFEDC970005A1B8 /* guestCell.xib */; };
		AD2F1ED91EFEDD1F0005A1B8 /* plus.png in Resources */ = {isa = PBXBuildFile; fileRef = AD2F1ED81EFEDD1F0005A1B8 /* plus.png */; };
		AD2F1EDC1EFEE96F0005A1B8 /* invitesView.m in Sources */ = {isa = PBXBuildFile; fileRef = AD2F1EDB1EFEE96F0005A1B8 /* invitesView.m */; };
		AD2F1EE01EFEEC010005A1B8 /* inviteCell.m in Sources */ = {isa = PBXBuildFile; fileRef = AD2F1EDE1EFEEC010005A1B8 /* inviteCell.m */; };
		AD2F1EE11EFEEC010005A1B8 /* inviteCell.xib in Resources */ = {isa = PBXBuildFile; fileRef = AD2F1EDF1EFEEC010005A1B8 /* inviteCell.xib */; };
		AD48D09D1ED4CABF00F22122 /* IntentsUI.framework in Frameworks */ = {isa = PBXBuildFile; fileRef = AD48D09C1ED4CABF00F22122 /* IntentsUI.framework */; };
		AD4958DC1EE773830017CDE2 /* QuartzCore.framework in Frameworks */ = {isa = PBXBuildFile; fileRef = AD4958DB1EE773830017CDE2 /* QuartzCore.framework */; };
		AD50603F1F02B5DB0052956D /* addFriend.png in Resources */ = {isa = PBXBuildFile; fileRef = AD50603E1F02B5DB0052956D /* addFriend.png */; };
		AD5060421F02B6500052956D /* friendView.m in Sources */ = {isa = PBXBuildFile; fileRef = AD5060411F02B6500052956D /* friendView.m */; };
		AD5B5A261ED7827D00A06FC1 /* ActivityObject.m in Sources */ = {isa = PBXBuildFile; fileRef = AD5B5A251ED7827D00A06FC1 /* ActivityObject.m */; };
		AD5B5A2A1ED79C2400A06FC1 /* MessageObject.m in Sources */ = {isa = PBXBuildFile; fileRef = AD5B5A291ED79C2400A06FC1 /* MessageObject.m */; };
		AD77D6C51EFB270800B45E32 /* CoreMedia.framework in Frameworks */ = {isa = PBXBuildFile; fileRef = AD77D6C41EFB270800B45E32 /* CoreMedia.framework */; };
		AD77D6C71EFB271100B45E32 /* CoreVideo.framework in Frameworks */ = {isa = PBXBuildFile; fileRef = AD77D6C61EFB271100B45E32 /* CoreVideo.framework */; };
		AD77D6C91EFB274200B45E32 /* libiconv.tbd in Frameworks */ = {isa = PBXBuildFile; fileRef = AD77D6C81EFB274200B45E32 /* libiconv.tbd */; };
		AD77D6CB1EFB294800B45E32 /* Foundation.framework in Frameworks */ = {isa = PBXBuildFile; fileRef = AD77D6CA1EFB294800B45E32 /* Foundation.framework */; };
		AD77D6CE1EFB50A400B45E32 /* up.png in Resources */ = {isa = PBXBuildFile; fileRef = AD77D6CC1EFB50A400B45E32 /* up.png */; };
		AD77D6CF1EFB50A400B45E32 /* down.png in Resources */ = {isa = PBXBuildFile; fileRef = AD77D6CD1EFB50A400B45E32 /* down.png */; };
		AD7B98141EF09E4A00B37B78 /* sendView.m in Sources */ = {isa = PBXBuildFile; fileRef = AD7B98131EF09E4A00B37B78 /* sendView.m */; };
		AD7B98181EF09F6000B37B78 /* sendCell.m in Sources */ = {isa = PBXBuildFile; fileRef = AD7B98161EF09F6000B37B78 /* sendCell.m */; };
		AD7B98191EF09F6000B37B78 /* sendCell.xib in Resources */ = {isa = PBXBuildFile; fileRef = AD7B98171EF09F6000B37B78 /* sendCell.xib */; };
		AD7B981C1EF0A92300B37B78 /* newGroupView.m in Sources */ = {isa = PBXBuildFile; fileRef = AD7B981B1EF0A92300B37B78 /* newGroupView.m */; };
		AD7B98201EF0DEC900B37B78 /* sectionHeader.m in Sources */ = {isa = PBXBuildFile; fileRef = AD7B981E1EF0DEC900B37B78 /* sectionHeader.m */; };
		AD7B98211EF0DEC900B37B78 /* sectionHeader.xib in Resources */ = {isa = PBXBuildFile; fileRef = AD7B981F1EF0DEC900B37B78 /* sectionHeader.xib */; };
		AD867BD81ECE9A28002C195A /* main.m in Sources */ = {isa = PBXBuildFile; fileRef = AD867BD71ECE9A28002C195A /* main.m */; };
		AD867BDB1ECE9A28002C195A /* AppDelegate.m in Sources */ = {isa = PBXBuildFile; fileRef = AD867BDA1ECE9A28002C195A /* AppDelegate.m */; };
		AD867BE31ECE9A28002C195A /* Assets.xcassets in Resources */ = {isa = PBXBuildFile; fileRef = AD867BE21ECE9A28002C195A /* Assets.xcassets */; };
		AD867BE61ECE9A28002C195A /* LaunchScreen.storyboard in Resources */ = {isa = PBXBuildFile; fileRef = AD867BE41ECE9A28002C195A /* LaunchScreen.storyboard */; };
		AD867BF11ECE9A28002C195A /* are_you_downTests.m in Sources */ = {isa = PBXBuildFile; fileRef = AD867BF01ECE9A28002C195A /* are_you_downTests.m */; };
		AD867BFC1ECE9A28002C195A /* are_you_downUITests.m in Sources */ = {isa = PBXBuildFile; fileRef = AD867BFB1ECE9A28002C195A /* are_you_downUITests.m */; };
		AD867C111ECE9CE1002C195A /* References.m in Sources */ = {isa = PBXBuildFile; fileRef = AD867C101ECE9CE1002C195A /* References.m */; };
		AD867C141ECEA1CA002C195A /* AVFoundation.framework in Frameworks */ = {isa = PBXBuildFile; fileRef = AD867C131ECEA1CA002C195A /* AVFoundation.framework */; };
		AD867C171ECEA329002C195A /* UIColor+BFPaperColors.m in Sources */ = {isa = PBXBuildFile; fileRef = AD867C161ECEA329002C195A /* UIColor+BFPaperColors.m */; };
		AD91049B1EFB1F89008F914D /* addFriendView.m in Sources */ = {isa = PBXBuildFile; fileRef = AD91049A1EFB1F89008F914D /* addFriendView.m */; };
		AD99B3E91EE224FB00E709F5 /* UserNotifications.framework in Frameworks */ = {isa = PBXBuildFile; fileRef = AD99B3E81EE224FB00E709F5 /* UserNotifications.framework */; };
		ADC776291EEF2F7200B29915 /* iPhone4.storyboard in Resources */ = {isa = PBXBuildFile; fileRef = ADC776281EEF2F7200B29915 /* iPhone4.storyboard */; };
		ADC7762C1EEF2FB600B29915 /* homeView.m in Sources */ = {isa = PBXBuildFile; fileRef = ADC7762B1EEF2FB600B29915 /* homeView.m */; };
		ADC776301EEF380B00B29915 /* upcomingCell.m in Sources */ = {isa = PBXBuildFile; fileRef = ADC7762E1EEF380B00B29915 /* upcomingCell.m */; };
		ADC776311EEF380B00B29915 /* upcomingCell.xib in Resources */ = {isa = PBXBuildFile; fileRef = ADC7762F1EEF380B00B29915 /* upcomingCell.xib */; };
		ADC776331EEF3CF900B29915 /* forward.png in Resources */ = {isa = PBXBuildFile; fileRef = ADC776321EEF3CF900B29915 /* forward.png */; };
		ADC776371EEF3E0D00B29915 /* infoView.m in Sources */ = {isa = PBXBuildFile; fileRef = ADC776361EEF3E0D00B29915 /* infoView.m */; };
		ADC776391EEF3F3600B29915 /* cancel.png in Resources */ = {isa = PBXBuildFile; fileRef = ADC776381EEF3F3600B29915 /* cancel.png */; };
		ADF29C561ECEB469004C4E17 /* friendObject.m in Sources */ = {isa = PBXBuildFile; fileRef = ADF29C551ECEB469004C4E17 /* friendObject.m */; };
		ADF29C591ECEBDF5004C4E17 /* groupObject.m in Sources */ = {isa = PBXBuildFile; fileRef = ADF29C581ECEBDF5004C4E17 /* groupObject.m */; };
		ADF29C621ECF4BE8004C4E17 /* 0.jpg in Resources */ = {isa = PBXBuildFile; fileRef = ADF29C5F1ECF4BE8004C4E17 /* 0.jpg */; };
		ADF29C631ECF4BE8004C4E17 /* 1.jpg in Resources */ = {isa = PBXBuildFile; fileRef = ADF29C601ECF4BE8004C4E17 /* 1.jpg */; };
		ADF29C641ECF4BE8004C4E17 /* 2.jpg in Resources */ = {isa = PBXBuildFile; fileRef = ADF29C611ECF4BE8004C4E17 /* 2.jpg */; };
		ADF47E8B1EE0B4E9003468D5 /* bg.jpg in Resources */ = {isa = PBXBuildFile; fileRef = ADF47E8A1EE0B4E9003468D5 /* bg.jpg */; };
		ADFF04EB1EF8335A003B5F97 /* introView.m in Sources */ = {isa = PBXBuildFile; fileRef = ADFF04EA1EF8335A003B5F97 /* introView.m */; };
		ADFF04ED1EF845D8003B5F97 /* birds.mp4 in Resources */ = {isa = PBXBuildFile; fileRef = ADFF04EC1EF84457003B5F97 /* birds.mp4 */; };
/* End PBXBuildFile section */

/* Begin PBXContainerItemProxy section */
		AD867BED1ECE9A28002C195A /* PBXContainerItemProxy */ = {
			isa = PBXContainerItemProxy;
			containerPortal = AD867BCB1ECE9A28002C195A /* Project object */;
			proxyType = 1;
			remoteGlobalIDString = AD867BD21ECE9A28002C195A;
			remoteInfo = "are you down";
		};
		AD867BF81ECE9A28002C195A /* PBXContainerItemProxy */ = {
			isa = PBXContainerItemProxy;
			containerPortal = AD867BCB1ECE9A28002C195A /* Project object */;
			proxyType = 1;
			remoteGlobalIDString = AD867BD21ECE9A28002C195A;
			remoteInfo = "are you down";
		};
/* End PBXContainerItemProxy section */

/* Begin PBXFileReference section */
		AD04E4271EDCD5BF0087BD07 /* SlimActivityObject.h */ = {isa = PBXFileReference; fileEncoding = 4; lastKnownFileType = sourcecode.c.h; path = SlimActivityObject.h; sourceTree = "<group>"; };
		AD04E4281EDCD5BF0087BD07 /* SlimActivityObject.m */ = {isa = PBXFileReference; fileEncoding = 4; lastKnownFileType = sourcecode.c.objc; path = SlimActivityObject.m; sourceTree = "<group>"; };
		AD04E42D1EDE20140087BD07 /* AddressBook.framework */ = {isa = PBXFileReference; lastKnownFileType = wrapper.framework; name = AddressBook.framework; path = System/Library/Frameworks/AddressBook.framework; sourceTree = SDKROOT; };
		AD04E42F1EDE21070087BD07 /* Contacts.framework */ = {isa = PBXFileReference; lastKnownFileType = wrapper.framework; name = Contacts.framework; path = System/Library/Frameworks/Contacts.framework; sourceTree = SDKROOT; };
		AD19939A1EFF29DC0057123E /* AppIcon.appiconset */ = {isa = PBXFileReference; lastKnownFileType = folder; path = AppIcon.appiconset; sourceTree = "<group>"; };
		AD19939C1EFF2AD60057123E /* MessageUI.framework */ = {isa = PBXFileReference; lastKnownFileType = wrapper.framework; name = MessageUI.framework; path = System/Library/Frameworks/MessageUI.framework; sourceTree = SDKROOT; };
		AD19939E1EFF2BE30057123E /* Messages.framework */ = {isa = PBXFileReference; lastKnownFileType = wrapper.framework; name = Messages.framework; path = System/Library/Frameworks/Messages.framework; sourceTree = SDKROOT; };
		AD1993A01EFF39910057123E /* confirmSendView.h */ = {isa = PBXFileReference; fileEncoding = 4; lastKnownFileType = sourcecode.c.h; path = confirmSendView.h; sourceTree = "<group>"; };
		AD1993A11EFF39910057123E /* confirmSendView.m */ = {isa = PBXFileReference; fileEncoding = 4; lastKnownFileType = sourcecode.c.objc; path = confirmSendView.m; sourceTree = "<group>"; };
		AD1993A31EFF3BE60057123E /* confirmSendCell.h */ = {isa = PBXFileReference; fileEncoding = 4; lastKnownFileType = sourcecode.c.h; path = confirmSendCell.h; sourceTree = "<group>"; };
		AD1993A41EFF3BE60057123E /* confirmSendCell.m */ = {isa = PBXFileReference; fileEncoding = 4; lastKnownFileType = sourcecode.c.objc; path = confirmSendCell.m; sourceTree = "<group>"; };
		AD1993A51EFF3BE60057123E /* confirmSendCell.xib */ = {isa = PBXFileReference; fileEncoding = 4; lastKnownFileType = file.xib; path = confirmSendCell.xib; sourceTree = "<group>"; };
		AD2F1EC11EFCA1900005A1B8 /* gear.png */ = {isa = PBXFileReference; lastKnownFileType = image.png; path = gear.png; sourceTree = "<group>"; };
		AD2F1EC31EFCA35A0005A1B8 /* settingsView.h */ = {isa = PBXFileReference; fileEncoding = 4; lastKnownFileType = sourcecode.c.h; path = settingsView.h; sourceTree = "<group>"; };
		AD2F1EC41EFCA35A0005A1B8 /* settingsView.m */ = {isa = PBXFileReference; fileEncoding = 4; lastKnownFileType = sourcecode.c.objc; path = settingsView.m; sourceTree = "<group>"; };
		AD2F1EC61EFCB04F0005A1B8 /* menu.png */ = {isa = PBXFileReference; lastKnownFileType = image.png; path = menu.png; sourceTree = "<group>"; };
		AD2F1EC71EFCB04F0005A1B8 /* circleMenu.png */ = {isa = PBXFileReference; lastKnownFileType = image.png; path = circleMenu.png; sourceTree = "<group>"; };
		AD2F1ECA1EFCB1380005A1B8 /* invite.png */ = {isa = PBXFileReference; lastKnownFileType = image.png; path = invite.png; sourceTree = "<group>"; };
		AD2F1ECC1EFCB32A0005A1B8 /* pushSegue.h */ = {isa = PBXFileReference; fileEncoding = 4; lastKnownFileType = sourcecode.c.h; path = pushSegue.h; sourceTree = "<group>"; };
		AD2F1ECD1EFCB32A0005A1B8 /* pushSegue.m */ = {isa = PBXFileReference; fileEncoding = 4; lastKnownFileType = sourcecode.c.objc; path = pushSegue.m; sourceTree = "<group>"; };
		AD2F1ECF1EFED0760005A1B8 /* StoreKit.framework */ = {isa = PBXFileReference; lastKnownFileType = wrapper.framework; name = StoreKit.framework; path = System/Library/Frameworks/StoreKit.framework; sourceTree = SDKROOT; };
		AD2F1ED11EFEDC970005A1B8 /* guestCell.h */ = {isa = PBXFileReference; fileEncoding = 4; lastKnownFileType = sourcecode.c.h; path = guestCell.h; sourceTree = "<group>"; };
		AD2F1ED21EFEDC970005A1B8 /* guestCell.m */ = {isa = PBXFileReference; fileEncoding = 4; lastKnownFileType = sourcecode.c.objc; path = guestCell.m; sourceTree = "<group>"; };
		AD2F1ED31EFEDC970005A1B8 /* guestCell.xib */ = {isa = PBXFileReference; fileEncoding = 4; lastKnownFileType = file.xib; path = guestCell.xib; sourceTree = "<group>"; };
		AD2F1ED81EFEDD1F0005A1B8 /* plus.png */ = {isa = PBXFileReference; lastKnownFileType = image.png; path = plus.png; sourceTree = "<group>"; };
		AD2F1EDA1EFEE96F0005A1B8 /* invitesView.h */ = {isa = PBXFileReference; fileEncoding = 4; lastKnownFileType = sourcecode.c.h; path = invitesView.h; sourceTree = "<group>"; };
		AD2F1EDB1EFEE96F0005A1B8 /* invitesView.m */ = {isa = PBXFileReference; fileEncoding = 4; lastKnownFileType = sourcecode.c.objc; path = invitesView.m; sourceTree = "<group>"; };
		AD2F1EDD1EFEEC010005A1B8 /* inviteCell.h */ = {isa = PBXFileReference; fileEncoding = 4; lastKnownFileType = sourcecode.c.h; path = inviteCell.h; sourceTree = "<group>"; };
		AD2F1EDE1EFEEC010005A1B8 /* inviteCell.m */ = {isa = PBXFileReference; fileEncoding = 4; lastKnownFileType = sourcecode.c.objc; path = inviteCell.m; sourceTree = "<group>"; };
		AD2F1EDF1EFEEC010005A1B8 /* inviteCell.xib */ = {isa = PBXFileReference; fileEncoding = 4; lastKnownFileType = file.xib; path = inviteCell.xib; sourceTree = "<group>"; };
		AD48D08C1ED4C99300F22122 /* are you down.entitlements */ = {isa = PBXFileReference; lastKnownFileType = text.plist.entitlements; path = "are you down.entitlements"; sourceTree = "<group>"; };
		AD48D0911ED4CABF00F22122 /* siri.appex */ = {isa = PBXFileReference; explicitFileType = "wrapper.app-extension"; includeInIndex = 0; path = siri.appex; sourceTree = BUILT_PRODUCTS_DIR; };
		AD48D09B1ED4CABF00F22122 /* siriUI.appex */ = {isa = PBXFileReference; explicitFileType = "wrapper.app-extension"; includeInIndex = 0; path = siriUI.appex; sourceTree = BUILT_PRODUCTS_DIR; };
		AD48D09C1ED4CABF00F22122 /* IntentsUI.framework */ = {isa = PBXFileReference; lastKnownFileType = wrapper.framework; name = IntentsUI.framework; path = System/Library/Frameworks/IntentsUI.framework; sourceTree = SDKROOT; };
		AD48D0B31ED4CC4F00F22122 /* Intents.framework */ = {isa = PBXFileReference; lastKnownFileType = wrapper.framework; name = Intents.framework; path = System/Library/Frameworks/Intents.framework; sourceTree = SDKROOT; };
		AD4958DB1EE773830017CDE2 /* QuartzCore.framework */ = {isa = PBXFileReference; lastKnownFileType = wrapper.framework; name = QuartzCore.framework; path = System/Library/Frameworks/QuartzCore.framework; sourceTree = SDKROOT; };
		AD50603E1F02B5DB0052956D /* addFriend.png */ = {isa = PBXFileReference; lastKnownFileType = image.png; path = addFriend.png; sourceTree = "<group>"; };
		AD5060401F02B6500052956D /* friendView.h */ = {isa = PBXFileReference; fileEncoding = 4; lastKnownFileType = sourcecode.c.h; path = friendView.h; sourceTree = "<group>"; };
		AD5060411F02B6500052956D /* friendView.m */ = {isa = PBXFileReference; fileEncoding = 4; lastKnownFileType = sourcecode.c.objc; path = friendView.m; sourceTree = "<group>"; };
		AD5B5A241ED7827D00A06FC1 /* ActivityObject.h */ = {isa = PBXFileReference; fileEncoding = 4; lastKnownFileType = sourcecode.c.h; path = ActivityObject.h; sourceTree = "<group>"; };
		AD5B5A251ED7827D00A06FC1 /* ActivityObject.m */ = {isa = PBXFileReference; fileEncoding = 4; lastKnownFileType = sourcecode.c.objc; path = ActivityObject.m; sourceTree = "<group>"; };
		AD5B5A281ED79C2400A06FC1 /* MessageObject.h */ = {isa = PBXFileReference; fileEncoding = 4; lastKnownFileType = sourcecode.c.h; path = MessageObject.h; sourceTree = "<group>"; };
		AD5B5A291ED79C2400A06FC1 /* MessageObject.m */ = {isa = PBXFileReference; fileEncoding = 4; lastKnownFileType = sourcecode.c.objc; path = MessageObject.m; sourceTree = "<group>"; };
		AD77D6C41EFB270800B45E32 /* CoreMedia.framework */ = {isa = PBXFileReference; lastKnownFileType = wrapper.framework; name = CoreMedia.framework; path = System/Library/Frameworks/CoreMedia.framework; sourceTree = SDKROOT; };
		AD77D6C61EFB271100B45E32 /* CoreVideo.framework */ = {isa = PBXFileReference; lastKnownFileType = wrapper.framework; name = CoreVideo.framework; path = System/Library/Frameworks/CoreVideo.framework; sourceTree = SDKROOT; };
		AD77D6C81EFB274200B45E32 /* libiconv.tbd */ = {isa = PBXFileReference; lastKnownFileType = "sourcecode.text-based-dylib-definition"; name = libiconv.tbd; path = usr/lib/libiconv.tbd; sourceTree = SDKROOT; };
		AD77D6CA1EFB294800B45E32 /* Foundation.framework */ = {isa = PBXFileReference; lastKnownFileType = wrapper.framework; name = Foundation.framework; path = System/Library/Frameworks/Foundation.framework; sourceTree = SDKROOT; };
		AD77D6CC1EFB50A400B45E32 /* up.png */ = {isa = PBXFileReference; lastKnownFileType = image.png; path = up.png; sourceTree = "<group>"; };
		AD77D6CD1EFB50A400B45E32 /* down.png */ = {isa = PBXFileReference; lastKnownFileType = image.png; path = down.png; sourceTree = "<group>"; };
		AD7B98121EF09E4A00B37B78 /* sendView.h */ = {isa = PBXFileReference; fileEncoding = 4; lastKnownFileType = sourcecode.c.h; path = sendView.h; sourceTree = "<group>"; };
		AD7B98131EF09E4A00B37B78 /* sendView.m */ = {isa = PBXFileReference; fileEncoding = 4; lastKnownFileType = sourcecode.c.objc; path = sendView.m; sourceTree = "<group>"; };
		AD7B98151EF09F6000B37B78 /* sendCell.h */ = {isa = PBXFileReference; fileEncoding = 4; lastKnownFileType = sourcecode.c.h; path = sendCell.h; sourceTree = "<group>"; };
		AD7B98161EF09F6000B37B78 /* sendCell.m */ = {isa = PBXFileReference; fileEncoding = 4; lastKnownFileType = sourcecode.c.objc; path = sendCell.m; sourceTree = "<group>"; };
		AD7B98171EF09F6000B37B78 /* sendCell.xib */ = {isa = PBXFileReference; fileEncoding = 4; lastKnownFileType = file.xib; path = sendCell.xib; sourceTree = "<group>"; };
		AD7B981A1EF0A92300B37B78 /* newGroupView.h */ = {isa = PBXFileReference; fileEncoding = 4; lastKnownFileType = sourcecode.c.h; path = newGroupView.h; sourceTree = "<group>"; };
		AD7B981B1EF0A92300B37B78 /* newGroupView.m */ = {isa = PBXFileReference; fileEncoding = 4; lastKnownFileType = sourcecode.c.objc; path = newGroupView.m; sourceTree = "<group>"; };
		AD7B981D1EF0DEC900B37B78 /* sectionHeader.h */ = {isa = PBXFileReference; fileEncoding = 4; lastKnownFileType = sourcecode.c.h; path = sectionHeader.h; sourceTree = "<group>"; };
		AD7B981E1EF0DEC900B37B78 /* sectionHeader.m */ = {isa = PBXFileReference; fileEncoding = 4; lastKnownFileType = sourcecode.c.objc; path = sectionHeader.m; sourceTree = "<group>"; };
		AD7B981F1EF0DEC900B37B78 /* sectionHeader.xib */ = {isa = PBXFileReference; fileEncoding = 4; lastKnownFileType = file.xib; path = sectionHeader.xib; sourceTree = "<group>"; };
		AD867BD31ECE9A28002C195A /* are you down.app */ = {isa = PBXFileReference; explicitFileType = wrapper.application; includeInIndex = 0; path = "are you down.app"; sourceTree = BUILT_PRODUCTS_DIR; };
		AD867BD71ECE9A28002C195A /* main.m */ = {isa = PBXFileReference; lastKnownFileType = sourcecode.c.objc; path = main.m; sourceTree = "<group>"; };
		AD867BD91ECE9A28002C195A /* AppDelegate.h */ = {isa = PBXFileReference; lastKnownFileType = sourcecode.c.h; path = AppDelegate.h; sourceTree = "<group>"; };
		AD867BDA1ECE9A28002C195A /* AppDelegate.m */ = {isa = PBXFileReference; lastKnownFileType = sourcecode.c.objc; path = AppDelegate.m; sourceTree = "<group>"; };
		AD867BE21ECE9A28002C195A /* Assets.xcassets */ = {isa = PBXFileReference; lastKnownFileType = folder.assetcatalog; path = Assets.xcassets; sourceTree = "<group>"; };
		AD867BE51ECE9A28002C195A /* Base */ = {isa = PBXFileReference; lastKnownFileType = file.storyboard; name = Base; path = Base.lproj/LaunchScreen.storyboard; sourceTree = "<group>"; };
		AD867BE71ECE9A28002C195A /* Info.plist */ = {isa = PBXFileReference; lastKnownFileType = text.plist.xml; path = Info.plist; sourceTree = "<group>"; };
		AD867BEC1ECE9A28002C195A /* are you downTests.xctest */ = {isa = PBXFileReference; explicitFileType = wrapper.cfbundle; includeInIndex = 0; path = "are you downTests.xctest"; sourceTree = BUILT_PRODUCTS_DIR; };
		AD867BF01ECE9A28002C195A /* are_you_downTests.m */ = {isa = PBXFileReference; lastKnownFileType = sourcecode.c.objc; path = are_you_downTests.m; sourceTree = "<group>"; };
		AD867BF21ECE9A28002C195A /* Info.plist */ = {isa = PBXFileReference; lastKnownFileType = text.plist.xml; path = Info.plist; sourceTree = "<group>"; };
		AD867BF71ECE9A28002C195A /* are you downUITests.xctest */ = {isa = PBXFileReference; explicitFileType = wrapper.cfbundle; includeInIndex = 0; path = "are you downUITests.xctest"; sourceTree = BUILT_PRODUCTS_DIR; };
		AD867BFB1ECE9A28002C195A /* are_you_downUITests.m */ = {isa = PBXFileReference; lastKnownFileType = sourcecode.c.objc; path = are_you_downUITests.m; sourceTree = "<group>"; };
		AD867BFD1ECE9A28002C195A /* Info.plist */ = {isa = PBXFileReference; lastKnownFileType = text.plist.xml; path = Info.plist; sourceTree = "<group>"; };
		AD867C0F1ECE9CE1002C195A /* References.h */ = {isa = PBXFileReference; fileEncoding = 4; lastKnownFileType = sourcecode.c.h; path = References.h; sourceTree = "<group>"; };
		AD867C101ECE9CE1002C195A /* References.m */ = {isa = PBXFileReference; fileEncoding = 4; lastKnownFileType = sourcecode.c.objc; path = References.m; sourceTree = "<group>"; };
		AD867C131ECEA1CA002C195A /* AVFoundation.framework */ = {isa = PBXFileReference; lastKnownFileType = wrapper.framework; name = AVFoundation.framework; path = System/Library/Frameworks/AVFoundation.framework; sourceTree = SDKROOT; };
		AD867C151ECEA329002C195A /* UIColor+BFPaperColors.h */ = {isa = PBXFileReference; fileEncoding = 4; lastKnownFileType = sourcecode.c.h; path = "UIColor+BFPaperColors.h"; sourceTree = "<group>"; };
		AD867C161ECEA329002C195A /* UIColor+BFPaperColors.m */ = {isa = PBXFileReference; fileEncoding = 4; lastKnownFileType = sourcecode.c.objc; path = "UIColor+BFPaperColors.m"; sourceTree = "<group>"; };
		AD9104991EFB1F89008F914D /* addFriendView.h */ = {isa = PBXFileReference; fileEncoding = 4; lastKnownFileType = sourcecode.c.h; path = addFriendView.h; sourceTree = "<group>"; };
		AD91049A1EFB1F89008F914D /* addFriendView.m */ = {isa = PBXFileReference; fileEncoding = 4; lastKnownFileType = sourcecode.c.objc; path = addFriendView.m; sourceTree = "<group>"; };
		AD99B3E81EE224FB00E709F5 /* UserNotifications.framework */ = {isa = PBXFileReference; lastKnownFileType = wrapper.framework; name = UserNotifications.framework; path = System/Library/Frameworks/UserNotifications.framework; sourceTree = SDKROOT; };
		ADC776281EEF2F7200B29915 /* iPhone4.storyboard */ = {isa = PBXFileReference; fileEncoding = 4; lastKnownFileType = file.storyboard; path = iPhone4.storyboard; sourceTree = "<group>"; };
		ADC7762A1EEF2FB600B29915 /* homeView.h */ = {isa = PBXFileReference; fileEncoding = 4; lastKnownFileType = sourcecode.c.h; path = homeView.h; sourceTree = "<group>"; };
		ADC7762B1EEF2FB600B29915 /* homeView.m */ = {isa = PBXFileReference; fileEncoding = 4; lastKnownFileType = sourcecode.c.objc; path = homeView.m; sourceTree = "<group>"; usesTabs = 1; };
		ADC7762D1EEF380B00B29915 /* upcomingCell.h */ = {isa = PBXFileReference; fileEncoding = 4; lastKnownFileType = sourcecode.c.h; path = upcomingCell.h; sourceTree = "<group>"; };
		ADC7762E1EEF380B00B29915 /* upcomingCell.m */ = {isa = PBXFileReference; fileEncoding = 4; lastKnownFileType = sourcecode.c.objc; path = upcomingCell.m; sourceTree = "<group>"; };
		ADC7762F1EEF380B00B29915 /* upcomingCell.xib */ = {isa = PBXFileReference; fileEncoding = 4; lastKnownFileType = file.xib; path = upcomingCell.xib; sourceTree = "<group>"; };
		ADC776321EEF3CF900B29915 /* forward.png */ = {isa = PBXFileReference; lastKnownFileType = image.png; path = forward.png; sourceTree = "<group>"; };
		ADC776351EEF3E0D00B29915 /* infoView.h */ = {isa = PBXFileReference; fileEncoding = 4; lastKnownFileType = sourcecode.c.h; path = infoView.h; sourceTree = "<group>"; };
		ADC776361EEF3E0D00B29915 /* infoView.m */ = {isa = PBXFileReference; fileEncoding = 4; lastKnownFileType = sourcecode.c.objc; path = infoView.m; sourceTree = "<group>"; };
		ADC776381EEF3F3600B29915 /* cancel.png */ = {isa = PBXFileReference; lastKnownFileType = image.png; path = cancel.png; sourceTree = "<group>"; };
		ADF29C541ECEB469004C4E17 /* friendObject.h */ = {isa = PBXFileReference; fileEncoding = 4; lastKnownFileType = sourcecode.c.h; path = friendObject.h; sourceTree = "<group>"; };
		ADF29C551ECEB469004C4E17 /* friendObject.m */ = {isa = PBXFileReference; fileEncoding = 4; lastKnownFileType = sourcecode.c.objc; path = friendObject.m; sourceTree = "<group>"; };
		ADF29C571ECEBDF5004C4E17 /* groupObject.h */ = {isa = PBXFileReference; fileEncoding = 4; lastKnownFileType = sourcecode.c.h; path = groupObject.h; sourceTree = "<group>"; };
		ADF29C581ECEBDF5004C4E17 /* groupObject.m */ = {isa = PBXFileReference; fileEncoding = 4; lastKnownFileType = sourcecode.c.objc; path = groupObject.m; sourceTree = "<group>"; };
		ADF29C5F1ECF4BE8004C4E17 /* 0.jpg */ = {isa = PBXFileReference; lastKnownFileType = image.jpeg; path = 0.jpg; sourceTree = "<group>"; };
		ADF29C601ECF4BE8004C4E17 /* 1.jpg */ = {isa = PBXFileReference; lastKnownFileType = image.jpeg; path = 1.jpg; sourceTree = "<group>"; };
		ADF29C611ECF4BE8004C4E17 /* 2.jpg */ = {isa = PBXFileReference; lastKnownFileType = image.jpeg; path = 2.jpg; sourceTree = "<group>"; };
		ADF47E8A1EE0B4E9003468D5 /* bg.jpg */ = {isa = PBXFileReference; lastKnownFileType = image.jpeg; path = bg.jpg; sourceTree = "<group>"; };
		ADFF04E91EF8335A003B5F97 /* introView.h */ = {isa = PBXFileReference; fileEncoding = 4; lastKnownFileType = sourcecode.c.h; path = introView.h; sourceTree = "<group>"; };
		ADFF04EA1EF8335A003B5F97 /* introView.m */ = {isa = PBXFileReference; fileEncoding = 4; lastKnownFileType = sourcecode.c.objc; path = introView.m; sourceTree = "<group>"; usesTabs = 1; };
		ADFF04EC1EF84457003B5F97 /* birds.mp4 */ = {isa = PBXFileReference; lastKnownFileType = file; path = birds.mp4; sourceTree = "<group>"; };
/* End PBXFileReference section */

/* Begin PBXFrameworksBuildPhase section */
		AD48D08E1ED4CABF00F22122 /* Frameworks */ = {
			isa = PBXFrameworksBuildPhase;
			buildActionMask = 2147483647;
			files = (
			);
			runOnlyForDeploymentPostprocessing = 0;
		};
		AD48D0981ED4CABF00F22122 /* Frameworks */ = {
			isa = PBXFrameworksBuildPhase;
			buildActionMask = 2147483647;
			files = (
				AD48D09D1ED4CABF00F22122 /* IntentsUI.framework in Frameworks */,
			);
			runOnlyForDeploymentPostprocessing = 0;
		};
		AD867BD01ECE9A28002C195A /* Frameworks */ = {
			isa = PBXFrameworksBuildPhase;
			buildActionMask = 2147483647;
			files = (
				AD19939F1EFF2BE30057123E /* Messages.framework in Frameworks */,
				AD19939D1EFF2AD60057123E /* MessageUI.framework in Frameworks */,
				AD2F1ED01EFED0760005A1B8 /* StoreKit.framework in Frameworks */,
				AD77D6CB1EFB294800B45E32 /* Foundation.framework in Frameworks */,
				AD77D6C91EFB274200B45E32 /* libiconv.tbd in Frameworks */,
				AD77D6C71EFB271100B45E32 /* CoreVideo.framework in Frameworks */,
				AD77D6C51EFB270800B45E32 /* CoreMedia.framework in Frameworks */,
				AD4958DC1EE773830017CDE2 /* QuartzCore.framework in Frameworks */,
				AD99B3E91EE224FB00E709F5 /* UserNotifications.framework in Frameworks */,
				AD04E4301EDE21070087BD07 /* Contacts.framework in Frameworks */,
				AD867C141ECEA1CA002C195A /* AVFoundation.framework in Frameworks */,
			);
			runOnlyForDeploymentPostprocessing = 0;
		};
		AD867BE91ECE9A28002C195A /* Frameworks */ = {
			isa = PBXFrameworksBuildPhase;
			buildActionMask = 2147483647;
			files = (
			);
			runOnlyForDeploymentPostprocessing = 0;
		};
		AD867BF41ECE9A28002C195A /* Frameworks */ = {
			isa = PBXFrameworksBuildPhase;
			buildActionMask = 2147483647;
			files = (
			);
			runOnlyForDeploymentPostprocessing = 0;
		};
/* End PBXFrameworksBuildPhase section */

/* Begin PBXGroup section */
		AD5B5A271ED7829500A06FC1 /* Custom Objects */ = {
			isa = PBXGroup;
			children = (
				AD5B5A241ED7827D00A06FC1 /* ActivityObject.h */,
				AD5B5A251ED7827D00A06FC1 /* ActivityObject.m */,
				ADF29C541ECEB469004C4E17 /* friendObject.h */,
				ADF29C551ECEB469004C4E17 /* friendObject.m */,
				ADF29C571ECEBDF5004C4E17 /* groupObject.h */,
				ADF29C581ECEBDF5004C4E17 /* groupObject.m */,
				AD5B5A281ED79C2400A06FC1 /* MessageObject.h */,
				AD5B5A291ED79C2400A06FC1 /* MessageObject.m */,
				AD04E4271EDCD5BF0087BD07 /* SlimActivityObject.h */,
				AD04E4281EDCD5BF0087BD07 /* SlimActivityObject.m */,
			);
			name = "Custom Objects";
			sourceTree = "<group>";
		};
		AD867BCA1ECE9A28002C195A = {
			isa = PBXGroup;
			children = (
				AD867BD51ECE9A28002C195A /* are you down */,
				AD867BEF1ECE9A28002C195A /* are you downTests */,
				AD867BFA1ECE9A28002C195A /* are you downUITests */,
				AD867BD41ECE9A28002C195A /* Products */,
				AD867C121ECEA1CA002C195A /* Frameworks */,
			);
			sourceTree = "<group>";
		};
		AD867BD41ECE9A28002C195A /* Products */ = {
			isa = PBXGroup;
			children = (
				AD867BD31ECE9A28002C195A /* are you down.app */,
				AD867BEC1ECE9A28002C195A /* are you downTests.xctest */,
				AD867BF71ECE9A28002C195A /* are you downUITests.xctest */,
				AD48D0911ED4CABF00F22122 /* siri.appex */,
				AD48D09B1ED4CABF00F22122 /* siriUI.appex */,
			);
			name = Products;
			sourceTree = "<group>";
		};
		AD867BD51ECE9A28002C195A /* are you down */ = {
			isa = PBXGroup;
			children = (
				AD19939A1EFF29DC0057123E /* AppIcon.appiconset */,
				ADC776341EEF3CFF00B29915 /* img */,
				ADC776281EEF2F7200B29915 /* iPhone4.storyboard */,
				ADC7762A1EEF2FB600B29915 /* homeView.h */,
				ADC7762B1EEF2FB600B29915 /* homeView.m */,
				ADC7762D1EEF380B00B29915 /* upcomingCell.h */,
				ADC7762E1EEF380B00B29915 /* upcomingCell.m */,
				ADC7762F1EEF380B00B29915 /* upcomingCell.xib */,
				ADC776351EEF3E0D00B29915 /* infoView.h */,
				ADC776361EEF3E0D00B29915 /* infoView.m */,
				AD7B98121EF09E4A00B37B78 /* sendView.h */,
				AD7B98131EF09E4A00B37B78 /* sendView.m */,
				AD7B98151EF09F6000B37B78 /* sendCell.h */,
				AD7B98161EF09F6000B37B78 /* sendCell.m */,
				AD7B98171EF09F6000B37B78 /* sendCell.xib */,
				AD7B981A1EF0A92300B37B78 /* newGroupView.h */,
				AD7B981B1EF0A92300B37B78 /* newGroupView.m */,
				AD7B981D1EF0DEC900B37B78 /* sectionHeader.h */,
				AD7B981E1EF0DEC900B37B78 /* sectionHeader.m */,
				AD7B981F1EF0DEC900B37B78 /* sectionHeader.xib */,
				ADFF04E91EF8335A003B5F97 /* introView.h */,
				ADFF04EA1EF8335A003B5F97 /* introView.m */,
				AD9104991EFB1F89008F914D /* addFriendView.h */,
				AD91049A1EFB1F89008F914D /* addFriendView.m */,
				AD2F1EC31EFCA35A0005A1B8 /* settingsView.h */,
				AD2F1EC41EFCA35A0005A1B8 /* settingsView.m */,
				AD2F1ECC1EFCB32A0005A1B8 /* pushSegue.h */,
				AD2F1ECD1EFCB32A0005A1B8 /* pushSegue.m */,
				AD2F1ED11EFEDC970005A1B8 /* guestCell.h */,
				AD2F1ED21EFEDC970005A1B8 /* guestCell.m */,
				AD2F1ED31EFEDC970005A1B8 /* guestCell.xib */,
				AD2F1EDA1EFEE96F0005A1B8 /* invitesView.h */,
				AD2F1EDB1EFEE96F0005A1B8 /* invitesView.m */,
				AD2F1EDD1EFEEC010005A1B8 /* inviteCell.h */,
				AD2F1EDE1EFEEC010005A1B8 /* inviteCell.m */,
				AD2F1EDF1EFEEC010005A1B8 /* inviteCell.xib */,
				AD1993A01EFF39910057123E /* confirmSendView.h */,
				AD1993A11EFF39910057123E /* confirmSendView.m */,
				AD1993A31EFF3BE60057123E /* confirmSendCell.h */,
				AD1993A41EFF3BE60057123E /* confirmSendCell.m */,
				AD1993A51EFF3BE60057123E /* confirmSendCell.xib */,
				AD5060401F02B6500052956D /* friendView.h */,
				AD5060411F02B6500052956D /* friendView.m */,
				AD48D08C1ED4C99300F22122 /* are you down.entitlements */,
				AD867BD91ECE9A28002C195A /* AppDelegate.h */,
				AD867BDA1ECE9A28002C195A /* AppDelegate.m */,
				AD867BE21ECE9A28002C195A /* Assets.xcassets */,
				AD867BE41ECE9A28002C195A /* LaunchScreen.storyboard */,
				AD867BE71ECE9A28002C195A /* Info.plist */,
				AD5B5A271ED7829500A06FC1 /* Custom Objects */,
				AD867BD61ECE9A28002C195A /* Supporting Files */,
			);
			path = "are you down";
			sourceTree = "<group>";
		};
		AD867BD61ECE9A28002C195A /* Supporting Files */ = {
			isa = PBXGroup;
			children = (
				ADF47E8A1EE0B4E9003468D5 /* bg.jpg */,
				ADF29C5F1ECF4BE8004C4E17 /* 0.jpg */,
				ADF29C601ECF4BE8004C4E17 /* 1.jpg */,
				ADF29C611ECF4BE8004C4E17 /* 2.jpg */,
				AD867C151ECEA329002C195A /* UIColor+BFPaperColors.h */,
				AD867C161ECEA329002C195A /* UIColor+BFPaperColors.m */,
				AD867C0F1ECE9CE1002C195A /* References.h */,
				AD867C101ECE9CE1002C195A /* References.m */,
				AD867BD71ECE9A28002C195A /* main.m */,
			);
			name = "Supporting Files";
			sourceTree = "<group>";
		};
		AD867BEF1ECE9A28002C195A /* are you downTests */ = {
			isa = PBXGroup;
			children = (
				AD867BF01ECE9A28002C195A /* are_you_downTests.m */,
				AD867BF21ECE9A28002C195A /* Info.plist */,
			);
			path = "are you downTests";
			sourceTree = "<group>";
		};
		AD867BFA1ECE9A28002C195A /* are you downUITests */ = {
			isa = PBXGroup;
			children = (
				AD867BFB1ECE9A28002C195A /* are_you_downUITests.m */,
				AD867BFD1ECE9A28002C195A /* Info.plist */,
			);
			path = "are you downUITests";
			sourceTree = "<group>";
		};
		AD867C121ECEA1CA002C195A /* Frameworks */ = {
			isa = PBXGroup;
			children = (
				AD19939E1EFF2BE30057123E /* Messages.framework */,
				AD19939C1EFF2AD60057123E /* MessageUI.framework */,
				AD2F1ECF1EFED0760005A1B8 /* StoreKit.framework */,
				AD77D6CA1EFB294800B45E32 /* Foundation.framework */,
				AD77D6C81EFB274200B45E32 /* libiconv.tbd */,
				AD77D6C61EFB271100B45E32 /* CoreVideo.framework */,
				AD77D6C41EFB270800B45E32 /* CoreMedia.framework */,
				AD4958DB1EE773830017CDE2 /* QuartzCore.framework */,
				AD99B3E81EE224FB00E709F5 /* UserNotifications.framework */,
				AD04E42F1EDE21070087BD07 /* Contacts.framework */,
				AD04E42D1EDE20140087BD07 /* AddressBook.framework */,
				AD48D0B31ED4CC4F00F22122 /* Intents.framework */,
				AD867C131ECEA1CA002C195A /* AVFoundation.framework */,
				AD48D09C1ED4CABF00F22122 /* IntentsUI.framework */,
			);
			name = Frameworks;
			sourceTree = "<group>";
		};
		ADC776341EEF3CFF00B29915 /* img */ = {
			isa = PBXGroup;
			children = (
				AD50603E1F02B5DB0052956D /* addFriend.png */,
				AD2F1ED81EFEDD1F0005A1B8 /* plus.png */,
				AD2F1ECA1EFCB1380005A1B8 /* invite.png */,
				AD2F1EC61EFCB04F0005A1B8 /* menu.png */,
				AD2F1EC71EFCB04F0005A1B8 /* circleMenu.png */,
				AD2F1EC11EFCA1900005A1B8 /* gear.png */,
				AD77D6CC1EFB50A400B45E32 /* up.png */,
				AD77D6CD1EFB50A400B45E32 /* down.png */,
				ADFF04EC1EF84457003B5F97 /* birds.mp4 */,
				ADC776381EEF3F3600B29915 /* cancel.png */,
				ADC776321EEF3CF900B29915 /* forward.png */,
			);
			name = img;
			sourceTree = "<group>";
		};
/* End PBXGroup section */

/* Begin PBXNativeTarget section */
		AD48D0901ED4CABF00F22122 /* siri */ = {
			isa = PBXNativeTarget;
			buildConfigurationList = AD48D0AF1ED4CABF00F22122 /* Build configuration list for PBXNativeTarget "siri" */;
			buildPhases = (
				AD48D08D1ED4CABF00F22122 /* Sources */,
				AD48D08E1ED4CABF00F22122 /* Frameworks */,
				AD48D08F1ED4CABF00F22122 /* Resources */,
			);
			buildRules = (
			);
			dependencies = (
			);
			name = siri;
			productName = siri;
			productReference = AD48D0911ED4CABF00F22122 /* siri.appex */;
			productType = "com.apple.product-type.app-extension";
		};
		AD48D09A1ED4CABF00F22122 /* siriUI */ = {
			isa = PBXNativeTarget;
			buildConfigurationList = AD48D0AC1ED4CABF00F22122 /* Build configuration list for PBXNativeTarget "siriUI" */;
			buildPhases = (
				AD48D0971ED4CABF00F22122 /* Sources */,
				AD48D0981ED4CABF00F22122 /* Frameworks */,
				AD48D0991ED4CABF00F22122 /* Resources */,
			);
			buildRules = (
			);
			dependencies = (
			);
			name = siriUI;
			productName = siriUI;
			productReference = AD48D09B1ED4CABF00F22122 /* siriUI.appex */;
			productType = "com.apple.product-type.app-extension";
		};
		AD867BD21ECE9A28002C195A /* are you down */ = {
			isa = PBXNativeTarget;
			buildConfigurationList = AD867C001ECE9A28002C195A /* Build configuration list for PBXNativeTarget "are you down" */;
			buildPhases = (
				AD867BCF1ECE9A28002C195A /* Sources */,
				AD867BD01ECE9A28002C195A /* Frameworks */,
				AD867BD11ECE9A28002C195A /* Resources */,
			);
			buildRules = (
			);
			dependencies = (
			);
			name = "are you down";
			productName = "are you down";
			productReference = AD867BD31ECE9A28002C195A /* are you down.app */;
			productType = "com.apple.product-type.application";
		};
		AD867BEB1ECE9A28002C195A /* are you downTests */ = {
			isa = PBXNativeTarget;
			buildConfigurationList = AD867C031ECE9A28002C195A /* Build configuration list for PBXNativeTarget "are you downTests" */;
			buildPhases = (
				AD867BE81ECE9A28002C195A /* Sources */,
				AD867BE91ECE9A28002C195A /* Frameworks */,
				AD867BEA1ECE9A28002C195A /* Resources */,
			);
			buildRules = (
			);
			dependencies = (
				AD867BEE1ECE9A28002C195A /* PBXTargetDependency */,
			);
			name = "are you downTests";
			productName = "are you downTests";
			productReference = AD867BEC1ECE9A28002C195A /* are you downTests.xctest */;
			productType = "com.apple.product-type.bundle.unit-test";
		};
		AD867BF61ECE9A28002C195A /* are you downUITests */ = {
			isa = PBXNativeTarget;
			buildConfigurationList = AD867C061ECE9A28002C195A /* Build configuration list for PBXNativeTarget "are you downUITests" */;
			buildPhases = (
				AD867BF31ECE9A28002C195A /* Sources */,
				AD867BF41ECE9A28002C195A /* Frameworks */,
				AD867BF51ECE9A28002C195A /* Resources */,
			);
			buildRules = (
			);
			dependencies = (
				AD867BF91ECE9A28002C195A /* PBXTargetDependency */,
			);
			name = "are you downUITests";
			productName = "are you downUITests";
			productReference = AD867BF71ECE9A28002C195A /* are you downUITests.xctest */;
			productType = "com.apple.product-type.bundle.ui-testing";
		};
/* End PBXNativeTarget section */

/* Begin PBXProject section */
		AD867BCB1ECE9A28002C195A /* Project object */ = {
			isa = PBXProject;
			attributes = {
				LastUpgradeCheck = 0830;
				ORGANIZATIONNAME = "Robert Crosby";
				TargetAttributes = {
					AD48D0901ED4CABF00F22122 = {
						CreatedOnToolsVersion = 8.3.2;
						DevelopmentTeam = UD5W2M958Y;
						ProvisioningStyle = Automatic;
					};
					AD48D09A1ED4CABF00F22122 = {
						CreatedOnToolsVersion = 8.3.2;
						DevelopmentTeam = UD5W2M958Y;
						ProvisioningStyle = Automatic;
					};
					AD867BD21ECE9A28002C195A = {
						CreatedOnToolsVersion = 8.3.2;
						DevelopmentTeam = UD5W2M958Y;
						ProvisioningStyle = Automatic;
						SystemCapabilities = {
							com.apple.Push = {
								enabled = 1;
							};
							com.apple.Siri = {
								enabled = 0;
							};
						};
					};
					AD867BEB1ECE9A28002C195A = {
						CreatedOnToolsVersion = 8.3.2;
						DevelopmentTeam = UD5W2M958Y;
						ProvisioningStyle = Automatic;
						TestTargetID = AD867BD21ECE9A28002C195A;
					};
					AD867BF61ECE9A28002C195A = {
						CreatedOnToolsVersion = 8.3.2;
						DevelopmentTeam = UD5W2M958Y;
						ProvisioningStyle = Automatic;
						TestTargetID = AD867BD21ECE9A28002C195A;
					};
				};
			};
			buildConfigurationList = AD867BCE1ECE9A28002C195A /* Build configuration list for PBXProject "are you down" */;
			compatibilityVersion = "Xcode 3.2";
			developmentRegion = English;
			hasScannedForEncodings = 0;
			knownRegions = (
				en,
				Base,
			);
			mainGroup = AD867BCA1ECE9A28002C195A;
			productRefGroup = AD867BD41ECE9A28002C195A /* Products */;
			projectDirPath = "";
			projectRoot = "";
			targets = (
				AD867BD21ECE9A28002C195A /* are you down */,
				AD867BEB1ECE9A28002C195A /* are you downTests */,
				AD867BF61ECE9A28002C195A /* are you downUITests */,
				AD48D0901ED4CABF00F22122 /* siri */,
				AD48D09A1ED4CABF00F22122 /* siriUI */,
			);
		};
/* End PBXProject section */

/* Begin PBXResourcesBuildPhase section */
		AD48D08F1ED4CABF00F22122 /* Resources */ = {
			isa = PBXResourcesBuildPhase;
			buildActionMask = 2147483647;
			files = (
			);
			runOnlyForDeploymentPostprocessing = 0;
		};
		AD48D0991ED4CABF00F22122 /* Resources */ = {
			isa = PBXResourcesBuildPhase;
			buildActionMask = 2147483647;
			files = (
			);
			runOnlyForDeploymentPostprocessing = 0;
		};
		AD867BD11ECE9A28002C195A /* Resources */ = {
			isa = PBXResourcesBuildPhase;
			buildActionMask = 2147483647;
			files = (
				AD77D6CE1EFB50A400B45E32 /* up.png in Resources */,
				AD1993A71EFF3BE60057123E /* confirmSendCell.xib in Resources */,
				ADFF04ED1EF845D8003B5F97 /* birds.mp4 in Resources */,
				AD2F1ED51EFEDC970005A1B8 /* guestCell.xib in Resources */,
				AD2F1EC21EFCA1900005A1B8 /* gear.png in Resources */,
				AD19939B1EFF29DC0057123E /* AppIcon.appiconset in Resources */,
				AD2F1EC81EFCB04F0005A1B8 /* menu.png in Resources */,
				AD77D6CF1EFB50A400B45E32 /* down.png in Resources */,
				ADF47E8B1EE0B4E9003468D5 /* bg.jpg in Resources */,
				ADF29C621ECF4BE8004C4E17 /* 0.jpg in Resources */,
				AD867BE61ECE9A28002C195A /* LaunchScreen.storyboard in Resources */,
				ADF29C641ECF4BE8004C4E17 /* 2.jpg in Resources */,
				AD867BE31ECE9A28002C195A /* Assets.xcassets in Resources */,
				ADF29C631ECF4BE8004C4E17 /* 1.jpg in Resources */,
				AD7B98191EF09F6000B37B78 /* sendCell.xib in Resources */,
				ADC776391EEF3F3600B29915 /* cancel.png in Resources */,
				ADC776311EEF380B00B29915 /* upcomingCell.xib in Resources */,
				AD7B98211EF0DEC900B37B78 /* sectionHeader.xib in Resources */,
				AD2F1EC91EFCB04F0005A1B8 /* circleMenu.png in Resources */,
				AD2F1ECB1EFCB1380005A1B8 /* invite.png in Resources */,
				ADC776291EEF2F7200B29915 /* iPhone4.storyboard in Resources */,
				AD2F1EE11EFEEC010005A1B8 /* inviteCell.xib in Resources */,
				AD50603F1F02B5DB0052956D /* addFriend.png in Resources */,
				ADC776331EEF3CF900B29915 /* forward.png in Resources */,
				AD2F1ED91EFEDD1F0005A1B8 /* plus.png in Resources */,
			);
			runOnlyForDeploymentPostprocessing = 0;
		};
		AD867BEA1ECE9A28002C195A /* Resources */ = {
			isa = PBXResourcesBuildPhase;
			buildActionMask = 2147483647;
			files = (
			);
			runOnlyForDeploymentPostprocessing = 0;
		};
		AD867BF51ECE9A28002C195A /* Resources */ = {
			isa = PBXResourcesBuildPhase;
			buildActionMask = 2147483647;
			files = (
			);
			runOnlyForDeploymentPostprocessing = 0;
		};
/* End PBXResourcesBuildPhase section */

/* Begin PBXSourcesBuildPhase section */
		AD48D08D1ED4CABF00F22122 /* Sources */ = {
			isa = PBXSourcesBuildPhase;
			buildActionMask = 2147483647;
			files = (
			);
			runOnlyForDeploymentPostprocessing = 0;
		};
		AD48D0971ED4CABF00F22122 /* Sources */ = {
			isa = PBXSourcesBuildPhase;
			buildActionMask = 2147483647;
			files = (
			);
			runOnlyForDeploymentPostprocessing = 0;
		};
		AD867BCF1ECE9A28002C195A /* Sources */ = {
			isa = PBXSourcesBuildPhase;
			buildActionMask = 2147483647;
			files = (
				ADF29C561ECEB469004C4E17 /* friendObject.m in Sources */,
				ADC776301EEF380B00B29915 /* upcomingCell.m in Sources */,
				AD7B98201EF0DEC900B37B78 /* sectionHeader.m in Sources */,
				AD867BDB1ECE9A28002C195A /* AppDelegate.m in Sources */,
				ADC776371EEF3E0D00B29915 /* infoView.m in Sources */,
				AD867C111ECE9CE1002C195A /* References.m in Sources */,
				AD1993A61EFF3BE60057123E /* confirmSendCell.m in Sources */,
				AD867BD81ECE9A28002C195A /* main.m in Sources */,
				ADFF04EB1EF8335A003B5F97 /* introView.m in Sources */,
				AD04E4291EDCD5BF0087BD07 /* SlimActivityObject.m in Sources */,
				AD5060421F02B6500052956D /* friendView.m in Sources */,
				AD2F1ED41EFEDC970005A1B8 /* guestCell.m in Sources */,
				AD2F1EDC1EFEE96F0005A1B8 /* invitesView.m in Sources */,
				AD5B5A2A1ED79C2400A06FC1 /* MessageObject.m in Sources */,
				AD1993A21EFF39910057123E /* confirmSendView.m in Sources */,
				AD2F1ECE1EFCB32A0005A1B8 /* pushSegue.m in Sources */,
				AD7B98181EF09F6000B37B78 /* sendCell.m in Sources */,
				AD91049B1EFB1F89008F914D /* addFriendView.m in Sources */,
				AD2F1EC51EFCA35A0005A1B8 /* settingsView.m in Sources */,
				AD2F1EE01EFEEC010005A1B8 /* inviteCell.m in Sources */,
				AD7B981C1EF0A92300B37B78 /* newGroupView.m in Sources */,
				AD7B98141EF09E4A00B37B78 /* sendView.m in Sources */,
				AD867C171ECEA329002C195A /* UIColor+BFPaperColors.m in Sources */,
				ADF29C591ECEBDF5004C4E17 /* groupObject.m in Sources */,
				AD5B5A261ED7827D00A06FC1 /* ActivityObject.m in Sources */,
				ADC7762C1EEF2FB600B29915 /* homeView.m in Sources */,
			);
			runOnlyForDeploymentPostprocessing = 0;
		};
		AD867BE81ECE9A28002C195A /* Sources */ = {
			isa = PBXSourcesBuildPhase;
			buildActionMask = 2147483647;
			files = (
				AD867BF11ECE9A28002C195A /* are_you_downTests.m in Sources */,
			);
			runOnlyForDeploymentPostprocessing = 0;
		};
		AD867BF31ECE9A28002C195A /* Sources */ = {
			isa = PBXSourcesBuildPhase;
			buildActionMask = 2147483647;
			files = (
				AD867BFC1ECE9A28002C195A /* are_you_downUITests.m in Sources */,
			);
			runOnlyForDeploymentPostprocessing = 0;
		};
/* End PBXSourcesBuildPhase section */

/* Begin PBXTargetDependency section */
		AD867BEE1ECE9A28002C195A /* PBXTargetDependency */ = {
			isa = PBXTargetDependency;
			target = AD867BD21ECE9A28002C195A /* are you down */;
			targetProxy = AD867BED1ECE9A28002C195A /* PBXContainerItemProxy */;
		};
		AD867BF91ECE9A28002C195A /* PBXTargetDependency */ = {
			isa = PBXTargetDependency;
			target = AD867BD21ECE9A28002C195A /* are you down */;
			targetProxy = AD867BF81ECE9A28002C195A /* PBXContainerItemProxy */;
		};
/* End PBXTargetDependency section */

/* Begin PBXVariantGroup section */
		AD867BE41ECE9A28002C195A /* LaunchScreen.storyboard */ = {
			isa = PBXVariantGroup;
			children = (
				AD867BE51ECE9A28002C195A /* Base */,
			);
			name = LaunchScreen.storyboard;
			sourceTree = "<group>";
		};
/* End PBXVariantGroup section */

/* Begin XCBuildConfiguration section */
		AD48D0AD1ED4CABF00F22122 /* Debug */ = {
			isa = XCBuildConfiguration;
			buildSettings = {
				DEVELOPMENT_TEAM = UD5W2M958Y;
				INFOPLIST_FILE = siriUI/Info.plist;
				LD_RUNPATH_SEARCH_PATHS = "$(inherited) @executable_path/Frameworks @executable_path/../../Frameworks";
				PRODUCT_BUNDLE_IDENTIFIER = "com.moop.are-you-down.siriUI";
				PRODUCT_NAME = "$(TARGET_NAME)";
				SKIP_INSTALL = YES;
			};
			name = Debug;
		};
		AD48D0AE1ED4CABF00F22122 /* Release */ = {
			isa = XCBuildConfiguration;
			buildSettings = {
				DEVELOPMENT_TEAM = UD5W2M958Y;
				INFOPLIST_FILE = siriUI/Info.plist;
				LD_RUNPATH_SEARCH_PATHS = "$(inherited) @executable_path/Frameworks @executable_path/../../Frameworks";
				PRODUCT_BUNDLE_IDENTIFIER = "com.moop.are-you-down.siriUI";
				PRODUCT_NAME = "$(TARGET_NAME)";
				SKIP_INSTALL = YES;
			};
			name = Release;
		};
		AD48D0B01ED4CABF00F22122 /* Debug */ = {
			isa = XCBuildConfiguration;
			buildSettings = {
				DEVELOPMENT_TEAM = UD5W2M958Y;
				INFOPLIST_FILE = siri/Info.plist;
				LD_RUNPATH_SEARCH_PATHS = "$(inherited) @executable_path/Frameworks @executable_path/../../Frameworks";
				PRODUCT_BUNDLE_IDENTIFIER = "com.moop.are-you-down.siri";
				PRODUCT_NAME = "$(TARGET_NAME)";
				SKIP_INSTALL = YES;
			};
			name = Debug;
		};
		AD48D0B11ED4CABF00F22122 /* Release */ = {
			isa = XCBuildConfiguration;
			buildSettings = {
				DEVELOPMENT_TEAM = UD5W2M958Y;
				INFOPLIST_FILE = siri/Info.plist;
				LD_RUNPATH_SEARCH_PATHS = "$(inherited) @executable_path/Frameworks @executable_path/../../Frameworks";
				PRODUCT_BUNDLE_IDENTIFIER = "com.moop.are-you-down.siri";
				PRODUCT_NAME = "$(TARGET_NAME)";
				SKIP_INSTALL = YES;
			};
			name = Release;
		};
		AD867BFE1ECE9A28002C195A /* Debug */ = {
			isa = XCBuildConfiguration;
			buildSettings = {
				ALWAYS_SEARCH_USER_PATHS = NO;
				CLANG_ANALYZER_NONNULL = YES;
				CLANG_ANALYZER_NUMBER_OBJECT_CONVERSION = YES_AGGRESSIVE;
				CLANG_CXX_LANGUAGE_STANDARD = "gnu++0x";
				CLANG_CXX_LIBRARY = "libc++";
				CLANG_ENABLE_MODULES = YES;
				CLANG_ENABLE_OBJC_ARC = YES;
				CLANG_WARN_BOOL_CONVERSION = YES;
				CLANG_WARN_CONSTANT_CONVERSION = YES;
				CLANG_WARN_DIRECT_OBJC_ISA_USAGE = YES_ERROR;
				CLANG_WARN_DOCUMENTATION_COMMENTS = YES;
				CLANG_WARN_EMPTY_BODY = YES;
				CLANG_WARN_ENUM_CONVERSION = YES;
				CLANG_WARN_INFINITE_RECURSION = YES;
				CLANG_WARN_INT_CONVERSION = YES;
				CLANG_WARN_OBJC_ROOT_CLASS = YES_ERROR;
				CLANG_WARN_SUSPICIOUS_MOVE = YES;
				CLANG_WARN_UNREACHABLE_CODE = YES;
				CLANG_WARN__DUPLICATE_METHOD_MATCH = YES;
				"CODE_SIGN_IDENTITY[sdk=iphoneos*]" = "iPhone Developer";
				COPY_PHASE_STRIP = NO;
				DEBUG_INFORMATION_FORMAT = dwarf;
				ENABLE_STRICT_OBJC_MSGSEND = YES;
				ENABLE_TESTABILITY = YES;
				GCC_C_LANGUAGE_STANDARD = gnu99;
				GCC_DYNAMIC_NO_PIC = NO;
				GCC_NO_COMMON_BLOCKS = YES;
				GCC_OPTIMIZATION_LEVEL = 0;
				GCC_PREPROCESSOR_DEFINITIONS = (
					"DEBUG=1",
					"$(inherited)",
				);
				GCC_WARN_64_TO_32_BIT_CONVERSION = YES;
				GCC_WARN_ABOUT_RETURN_TYPE = YES_ERROR;
				GCC_WARN_UNDECLARED_SELECTOR = YES;
				GCC_WARN_UNINITIALIZED_AUTOS = YES_AGGRESSIVE;
				GCC_WARN_UNUSED_FUNCTION = YES;
				GCC_WARN_UNUSED_VARIABLE = YES;
				IPHONEOS_DEPLOYMENT_TARGET = 10.3;
				MTL_ENABLE_DEBUG_INFO = YES;
				ONLY_ACTIVE_ARCH = YES;
				SDKROOT = iphoneos;
			};
			name = Debug;
		};
		AD867BFF1ECE9A28002C195A /* Release */ = {
			isa = XCBuildConfiguration;
			buildSettings = {
				ALWAYS_SEARCH_USER_PATHS = NO;
				CLANG_ANALYZER_NONNULL = YES;
				CLANG_ANALYZER_NUMBER_OBJECT_CONVERSION = YES_AGGRESSIVE;
				CLANG_CXX_LANGUAGE_STANDARD = "gnu++0x";
				CLANG_CXX_LIBRARY = "libc++";
				CLANG_ENABLE_MODULES = YES;
				CLANG_ENABLE_OBJC_ARC = YES;
				CLANG_WARN_BOOL_CONVERSION = YES;
				CLANG_WARN_CONSTANT_CONVERSION = YES;
				CLANG_WARN_DIRECT_OBJC_ISA_USAGE = YES_ERROR;
				CLANG_WARN_DOCUMENTATION_COMMENTS = YES;
				CLANG_WARN_EMPTY_BODY = YES;
				CLANG_WARN_ENUM_CONVERSION = YES;
				CLANG_WARN_INFINITE_RECURSION = YES;
				CLANG_WARN_INT_CONVERSION = YES;
				CLANG_WARN_OBJC_ROOT_CLASS = YES_ERROR;
				CLANG_WARN_SUSPICIOUS_MOVE = YES;
				CLANG_WARN_UNREACHABLE_CODE = YES;
				CLANG_WARN__DUPLICATE_METHOD_MATCH = YES;
				"CODE_SIGN_IDENTITY[sdk=iphoneos*]" = "iPhone Developer";
				COPY_PHASE_STRIP = NO;
				DEBUG_INFORMATION_FORMAT = "dwarf-with-dsym";
				ENABLE_NS_ASSERTIONS = NO;
				ENABLE_STRICT_OBJC_MSGSEND = YES;
				GCC_C_LANGUAGE_STANDARD = gnu99;
				GCC_NO_COMMON_BLOCKS = YES;
				GCC_WARN_64_TO_32_BIT_CONVERSION = YES;
				GCC_WARN_ABOUT_RETURN_TYPE = YES_ERROR;
				GCC_WARN_UNDECLARED_SELECTOR = YES;
				GCC_WARN_UNINITIALIZED_AUTOS = YES_AGGRESSIVE;
				GCC_WARN_UNUSED_FUNCTION = YES;
				GCC_WARN_UNUSED_VARIABLE = YES;
				IPHONEOS_DEPLOYMENT_TARGET = 10.3;
				MTL_ENABLE_DEBUG_INFO = NO;
				SDKROOT = iphoneos;
				VALIDATE_PRODUCT = YES;
			};
			name = Release;
		};
		AD867C011ECE9A28002C195A /* Debug */ = {
			isa = XCBuildConfiguration;
			buildSettings = {
				ASSETCATALOG_COMPILER_APPICON_NAME = "AppIcon-1";
				CODE_SIGN_ENTITLEMENTS = "are you down/are you down.entitlements";
				CODE_SIGN_IDENTITY = "iPhone Distribution";
				"CODE_SIGN_IDENTITY[sdk=iphoneos*]" = "iPhone Developer";
				CODE_SIGN_STYLE = Automatic;
				DEVELOPMENT_TEAM = "";
				INFOPLIST_FILE = "are you down/Info.plist";
				LD_RUNPATH_SEARCH_PATHS = "$(inherited) @executable_path/Frameworks";
				LIBRARY_SEARCH_PATHS = (
					"$(inherited)",
					"$(PROJECT_DIR)/are\\ you\\ down",
				);
				PRODUCT_BUNDLE_IDENTIFIER = "com.moop.are-you-down";
				PRODUCT_NAME = "$(TARGET_NAME)";
				PROVISIONING_PROFILE = "";
				PROVISIONING_PROFILE_SPECIFIER = "";
			};
			name = Debug;
		};
		AD867C021ECE9A28002C195A /* Release */ = {
			isa = XCBuildConfiguration;
			buildSettings = {
				ASSETCATALOG_COMPILER_APPICON_NAME = "AppIcon-1";
				CODE_SIGN_ENTITLEMENTS = "are you down/are you down.entitlements";
				CODE_SIGN_IDENTITY = "iPhone Distribution";
				"CODE_SIGN_IDENTITY[sdk=iphoneos*]" = "iPhone Developer";
				CODE_SIGN_STYLE = Automatic;
				DEVELOPMENT_TEAM = "";
				INFOPLIST_FILE = "are you down/Info.plist";
				LD_RUNPATH_SEARCH_PATHS = "$(inherited) @executable_path/Frameworks";
				LIBRARY_SEARCH_PATHS = (
					"$(inherited)",
					"$(PROJECT_DIR)/are\\ you\\ down",
				);
				PRODUCT_BUNDLE_IDENTIFIER = "com.moop.are-you-down";
				PRODUCT_NAME = "$(TARGET_NAME)";
				PROVISIONING_PROFILE = "";
				PROVISIONING_PROFILE_SPECIFIER = "";
			};
			name = Release;
		};
		AD867C041ECE9A28002C195A /* Debug */ = {
			isa = XCBuildConfiguration;
			buildSettings = {
				BUNDLE_LOADER = "$(TEST_HOST)";
				DEVELOPMENT_TEAM = UD5W2M958Y;
				INFOPLIST_FILE = "are you downTests/Info.plist";
				LD_RUNPATH_SEARCH_PATHS = "$(inherited) @executable_path/Frameworks @loader_path/Frameworks";
				PRODUCT_BUNDLE_IDENTIFIER = "com.moop.are-you-downTests";
				PRODUCT_NAME = "$(TARGET_NAME)";
				TEST_HOST = "$(BUILT_PRODUCTS_DIR)/are you down.app/are you down";
			};
			name = Debug;
		};
		AD867C051ECE9A28002C195A /* Release */ = {
			isa = XCBuildConfiguration;
			buildSettings = {
				BUNDLE_LOADER = "$(TEST_HOST)";
				DEVELOPMENT_TEAM = UD5W2M958Y;
				INFOPLIST_FILE = "are you downTests/Info.plist";
				LD_RUNPATH_SEARCH_PATHS = "$(inherited) @executable_path/Frameworks @loader_path/Frameworks";
				PRODUCT_BUNDLE_IDENTIFIER = "com.moop.are-you-downTests";
				PRODUCT_NAME = "$(TARGET_NAME)";
				TEST_HOST = "$(BUILT_PRODUCTS_DIR)/are you down.app/are you down";
			};
			name = Release;
		};
		AD867C071ECE9A28002C195A /* Debug */ = {
			isa = XCBuildConfiguration;
			buildSettings = {
				DEVELOPMENT_TEAM = UD5W2M958Y;
				INFOPLIST_FILE = "are you downUITests/Info.plist";
				LD_RUNPATH_SEARCH_PATHS = "$(inherited) @executable_path/Frameworks @loader_path/Frameworks";
				PRODUCT_BUNDLE_IDENTIFIER = "com.moop.are-you-downUITests";
				PRODUCT_NAME = "$(TARGET_NAME)";
				TEST_TARGET_NAME = "are you down";
			};
			name = Debug;
		};
		AD867C081ECE9A28002C195A /* Release */ = {
			isa = XCBuildConfiguration;
			buildSettings = {
				DEVELOPMENT_TEAM = UD5W2M958Y;
				INFOPLIST_FILE = "are you downUITests/Info.plist";
				LD_RUNPATH_SEARCH_PATHS = "$(inherited) @executable_path/Frameworks @loader_path/Frameworks";
				PRODUCT_BUNDLE_IDENTIFIER = "com.moop.are-you-downUITests";
				PRODUCT_NAME = "$(TARGET_NAME)";
				TEST_TARGET_NAME = "are you down";
			};
			name = Release;
		};
/* End XCBuildConfiguration section */

/* Begin XCConfigurationList section */
		AD48D0AC1ED4CABF00F22122 /* Build configuration list for PBXNativeTarget "siriUI" */ = {
			isa = XCConfigurationList;
			buildConfigurations = (
				AD48D0AD1ED4CABF00F22122 /* Debug */,
				AD48D0AE1ED4CABF00F22122 /* Release */,
			);
			defaultConfigurationIsVisible = 0;
			defaultConfigurationName = Release;
		};
		AD48D0AF1ED4CABF00F22122 /* Build configuration list for PBXNativeTarget "siri" */ = {
			isa = XCConfigurationList;
			buildConfigurations = (
				AD48D0B01ED4CABF00F22122 /* Debug */,
				AD48D0B11ED4CABF00F22122 /* Release */,
			);
			defaultConfigurationIsVisible = 0;
			defaultConfigurationName = Release;
		};
		AD867BCE1ECE9A28002C195A /* Build configuration list for PBXProject "are you down" */ = {
			isa = XCConfigurationList;
			buildConfigurations = (
				AD867BFE1ECE9A28002C195A /* Debug */,
				AD867BFF1ECE9A28002C195A /* Release */,
			);
			defaultConfigurationIsVisible = 0;
			defaultConfigurationName = Release;
		};
		AD867C001ECE9A28002C195A /* Build configuration list for PBXNativeTarget "are you down" */ = {
			isa = XCConfigurationList;
			buildConfigurations = (
				AD867C011ECE9A28002C195A /* Debug */,
				AD867C021ECE9A28002C195A /* Release */,
			);
			defaultConfigurationIsVisible = 0;
			defaultConfigurationName = Release;
		};
		AD867C031ECE9A28002C195A /* Build configuration list for PBXNativeTarget "are you downTests" */ = {
			isa = XCConfigurationList;
			buildConfigurations = (
				AD867C041ECE9A28002C195A /* Debug */,
				AD867C051ECE9A28002C195A /* Release */,
			);
			defaultConfigurationIsVisible = 0;
			defaultConfigurationName = Release;
		};
		AD867C061ECE9A28002C195A /* Build configuration list for PBXNativeTarget "are you downUITests" */ = {
			isa = XCConfigurationList;
			buildConfigurations = (
				AD867C071ECE9A28002C195A /* Debug */,
				AD867C081ECE9A28002C195A /* Release */,
			);
			defaultConfigurationIsVisible = 0;
			defaultConfigurationName = Release;
		};
/* End XCConfigurationList section */
	};
	rootObject = AD867BCB1ECE9A28002C195A /* Project object */;
}
